PODS:
  - FlutterMacOS (1.0.0)
  - rust_lib_recon (0.0.1):
    - FlutterMacOS

DEPENDENCIES:
  - FlutterMacOS (from `Flutter/ephemeral`)
  - rust_lib_recon (from `Flutter/ephemeral/.symlinks/plugins/rust_lib_recon/macos`)

EXTERNAL SOURCES:
  FlutterMacOS:
    :path: Flutter/ephemeral
  rust_lib_recon:
    :path: Flutter/ephemeral/.symlinks/plugins/rust_lib_recon/macos

SPEC CHECKSUMS:
  FlutterMacOS: 8f6f14fa908a6fb3fba0cd85dbd81ec4b251fb24
  rust_lib_recon: 8eebba671d4326210b2d21aaa1fb0866b3aa41c5

PODFILE CHECKSUM: 7eb978b976557c8c1cd717d8185ec483fd090a82

COCOAPODS: 1.16.2
